
Microsoft Visual Studio Solution File, Format Version 12.00
# Visual Studio Version 17
VisualStudioVersion = 17.3.32922.545
MinimumVisualStudioVersion = 10.0.40219.1
Project("{FAE04EC0-301F-11D3-BF4B-00C04F79EFBC}") = "InMemory", "InMemory\InMemory.csproj", "{A37F86EF-DCCC-4886-B2CB-967845D0EA56}"
EndProject
Global
	GlobalSection(SolutionConfigurationPlatforms) = preSolution
		Debug|Any CPU = Debug|Any CPU
		Release|Any CPU = Release|Any CPU
	EndGlobalSection
	GlobalSection(ProjectConfigurationPlatforms) = postSolution
		{A37F86EF-DCCC-4886-B2CB-967845D0EA56}.Debug|Any CPU.ActiveCfg = Debug|Any CPU
		{A37F86EF-DCCC-4886-B2CB-967845D0EA56}.Debug|Any CPU.Build.0 = Debug|Any CPU
		{A37F86EF-DCCC-4886-B2CB-967845D0EA56}.Release|Any CPU.ActiveCfg = Release|Any CPU
		{A37F86EF-DCCC-4886-B2CB-967845D0EA56}.Release|Any CPU.Build.0 = Release|Any CPU
	EndGlobalSection
	GlobalSection(SolutionProperties) = preSolution
		HideSolutionNode = FALSE
	EndGlobalSection
	GlobalSection(ExtensibilityGlobals) = postSolution
		SolutionGuid = {2E2ECC4B-C944-4BA6-BF72-619D2BD22770}
	EndGlobalSection
EndGlobal
